
Microsoft Visual Studio Solution File, Format Version 12.00
# Visual Studio 2012
Project("{8BC9CEB8-8B4A-11D0-8D11-00A0C91BC942}") = "bench", "bench\bench.vcxproj", "{EFB62A0D-7CA4-4184-976F-C9B278B34798}"
EndProject
Project("{8BC9CEB8-8B4A-11D0-8D11-00A0C91BC942}") = "minicd", "minicd\minicd.vcxproj", "{F331A9D8-B2CB-436C-80AF-584D1AE5706F}"
EndProject
Global
	GlobalSection(SolutionConfigurationPlatforms) = preSolution
		Debug|Win32 = Debug|Win32
		Debug|x64 = Debug|x64
		MiniCD|Win32 = MiniCD|Win32
		MiniCD|x64 = MiniCD|x64
		Release|Win32 = Release|Win32
		Release|x64 = Release|x64
	EndGlobalSection
	GlobalSection(ProjectConfigurationPlatforms) = postSolution
		{EFB62A0D-7CA4-4184-976F-C9B278B34798}.Debug|Win32.ActiveCfg = Debug|Win32
		{EFB62A0D-7CA4-4184-976F-C9B278B34798}.Debug|Win32.Build.0 = Debug|Win32
		{EFB62A0D-7CA4-4184-976F-C9B278B34798}.Debug|x64.ActiveCfg = Debug|x64
		{EFB62A0D-7CA4-4184-976F-C9B278B34798}.Debug|x64.Build.0 = Debug|x64
		{EFB62A0D-7CA4-4184-976F-C9B278B34798}.MiniCD|Win32.ActiveCfg = MiniCD|Win32
		{EFB62A0D-7CA4-4184-976F-C9B278B34798}.MiniCD|Win32.Build.0 = MiniCD|Win32
		{EFB62A0D-7CA4-4184-976F-C9B278B34798}.MiniCD|x64.ActiveCfg = MiniCD|x64
		{EFB62A0D-7CA4-4184-976F-C9B278B34798}.MiniCD|x64.Build.0 = MiniCD|x64
		{EFB62A0D-7CA4-4184-976F-C9B278B34798}.Release|Win32.ActiveCfg = Release|Win32
		{EFB62A0D-7CA4-4184-976F-C9B278B34798}.Release|Win32.Build.0 = Release|Win32
		{EFB62A0D-7CA4-4184-976F-C9B278B34798}.Release|x64.ActiveCfg = Release|x64
		{EFB62A0D-7CA4-4184-976F-C9B278B34798}.Release|x64.Build.0 = Release|x64
		{F331A9D8-B2CB-436C-80AF-584D1AE5706F}.Debug|Win32.ActiveCfg = Debug|Win32
		{F331A9D8-B2CB-436C-80AF-584D1AE5706F}.Debug|Win32.Build.0 = Debug|Win32
		{F331A9D8-B2CB-436C-80AF-584D1AE5706F}.Debug|x64.ActiveCfg = Debug|x64
		{F331A9D8-B2CB-436C-80AF-584D1AE5706F}.Debug|x64.Build.0 = Debug|x64
		{F331A9D8-B2CB-436C-80AF-584D1AE5706F}.MiniCD|Win32.ActiveCfg = MiniCD|Win32
		{F331A9D8-B2CB-436C-80AF-584D1AE5706F}.MiniCD|Win32.Build.0 = MiniCD|Win32
		{F331A9D8-B2CB-436C-80AF-584D1AE5706F}.MiniCD|x64.ActiveCfg = MiniCD|x64
		{F331A9D8-B2CB-436C-80AF-584D1AE5706F}.MiniCD|x64.Build.0 = MiniCD|x64
		{F331A9D8-B2CB-436C-80AF-584D1AE5706F}.Release|Win32.ActiveCfg = Release|Win32
		{F331A9D8-B2CB-436C-80AF-584D1AE5706F}.Release|Win32.Build.0 = Release|Win32
		{F331A9D8-B2CB-436C-80AF-584D1AE5706F}.Release|x64.ActiveCfg = Release|x64
		{F331A9D8-B2CB-436C-80AF-584D1AE5706F}.Release|x64.Build.0 = Release|x64
	EndGlobalSection
	GlobalSection(SolutionProperties) = preSolution
		HideSolutionNode = FALSE
	EndGlobalSection
EndGlobal
